
Microsoft Visual Studio Solution File, Format Version 12.00
# Visual Studio Version 17
VisualStudioVersion = 17.2.32616.157
MinimumVisualStudioVersion = 10.0.40219.1
Project("{FAE04EC0-301F-11D3-BF4B-00C04F79EFBC}") = "VWA_Software_Demo", "VWA_Software_Demo\VWA_Software_Demo.csproj", "{5263FE40-E7AC-495C-A9CC-A5982C99BA06}"
EndProject
Global
	GlobalSection(SolutionConfigurationPlatforms) = preSolution
		Debug|Any CPU = Debug|Any CPU
		Release|Any CPU = Release|Any CPU
	EndGlobalSection
	GlobalSection(ProjectConfigurationPlatforms) = postSolution
		{5263FE40-E7AC-495C-A9CC-A5982C99BA06}.Debug|Any CPU.ActiveCfg = Debug|Any CPU
		{5263FE40-E7AC-495C-A9CC-A5982C99BA06}.Debug|Any CPU.Build.0 = Debug|Any CPU
		{5263FE40-E7AC-495C-A9CC-A5982C99BA06}.Release|Any CPU.ActiveCfg = Release|Any CPU
		{5263FE40-E7AC-495C-A9CC-A5982C99BA06}.Release|Any CPU.Build.0 = Release|Any CPU
	EndGlobalSection
	GlobalSection(SolutionProperties) = preSolution
		HideSolutionNode = FALSE
	EndGlobalSection
	GlobalSection(ExtensibilityGlobals) = postSolution
		SolutionGuid = {B406DB2B-4590-45B8-BD8E-0D5A37185696}
	EndGlobalSection
EndGlobal
